PATH
  remote: .
  specs:
    rdoc-markdown (0.6.0)
      csv
      erb
      rdoc
      reverse_markdown

GEM
  remote: https://rubygems.org/
  specs:
    commonmarker (2.6.3-aarch64-linux)
    commonmarker (2.6.3-arm-linux)
    commonmarker (2.6.3-arm64-darwin)
    commonmarker (2.6.3-x86_64-darwin)
    commonmarker (2.6.3-x86_64-linux)
    commonmarker (2.6.3-x86_64-linux-musl)
    csv (3.3.5)
    date (3.5.1)
    erb (6.0.1)
    minitest (5.27.0)
    nokogiri (1.19.0-aarch64-linux-gnu)
      racc (~> 1.4)
    nokogiri (1.19.0-aarch64-linux-musl)
      racc (~> 1.4)
    nokogiri (1.19.0-arm-linux-gnu)
      racc (~> 1.4)
    nokogiri (1.19.0-arm-linux-musl)
      racc (~> 1.4)
    nokogiri (1.19.0-arm64-darwin)
      racc (~> 1.4)
    nokogiri (1.19.0-x86_64-darwin)
      racc (~> 1.4)
    nokogiri (1.19.0-x86_64-linux-gnu)
      racc (~> 1.4)
    nokogiri (1.19.0-x86_64-linux-musl)
      racc (~> 1.4)
    psych (5.3.1)
      date
      stringio
    racc (1.8.1)
    rake (13.3.1)
    rdiscount (2.2.7.3)
    rdoc (7.2.0)
      erb
      psych (>= 4.0.0)
      tsort
    reverse_markdown (3.0.2)
      nokogiri
    stringio (3.2.0)
    tsort (0.2.0)

PLATFORMS
  aarch64-linux-gnu
  aarch64-linux-musl
  arm-linux-gnu
  arm-linux-musl
  arm64-darwin
  x86_64-darwin
  x86_64-linux-gnu
  x86_64-linux-musl

DEPENDENCIES
  bundler (~> 2.0)
  commonmarker
  minitest (~> 5.0)
  rake (~> 13.0)
  rdiscount (~> 2.0)
  rdoc-markdown!

BUNDLED WITH
   2.6.1
